
Microsoft Visual Studio Solution File, Format Version 12.00
# Visual Studio 15
VisualStudioVersion = 15.0.27130.2010
MinimumVisualStudioVersion = 10.0.40219.1
Project("{FAE04EC0-301F-11D3-BF4B-00C04F79EFBC}") = "PoJun.MongoDB.Repository.IEntity", "PoJun.MongoDB.Repository.IEntity\PoJun.MongoDB.Repository.IEntity.csproj", "{01611F6A-66E4-4802-B985-250F11C5EC36}"
EndProject
Global
	GlobalSection(SolutionConfigurationPlatforms) = preSolution
		Debug|Any CPU = Debug|Any CPU
		Release|Any CPU = Release|Any CPU
	EndGlobalSection
	GlobalSection(ProjectConfigurationPlatforms) = postSolution
		{01611F6A-66E4-4802-B985-250F11C5EC36}.Debug|Any CPU.ActiveCfg = Debug|Any CPU
		{01611F6A-66E4-4802-B985-250F11C5EC36}.Debug|Any CPU.Build.0 = Debug|Any CPU
		{01611F6A-66E4-4802-B985-250F11C5EC36}.Release|Any CPU.ActiveCfg = Release|Any CPU
		{01611F6A-66E4-4802-B985-250F11C5EC36}.Release|Any CPU.Build.0 = Release|Any CPU
		{C2F28651-AA3F-42A0-BA2A-7A847A66376B}.Debug|Any CPU.ActiveCfg = Debug|Any CPU
		{C2F28651-AA3F-42A0-BA2A-7A847A66376B}.Debug|Any CPU.Build.0 = Debug|Any CPU
		{C2F28651-AA3F-42A0-BA2A-7A847A66376B}.Release|Any CPU.ActiveCfg = Release|Any CPU
		{C2F28651-AA3F-42A0-BA2A-7A847A66376B}.Release|Any CPU.Build.0 = Release|Any CPU
	EndGlobalSection
	GlobalSection(SolutionProperties) = preSolution
		HideSolutionNode = FALSE
	EndGlobalSection
	GlobalSection(NestedProjects) = preSolution
		{C2F28651-AA3F-42A0-BA2A-7A847A66376B} = {87542B76-363A-4683-A22B-41B736D056E4}
	EndGlobalSection
	GlobalSection(ExtensibilityGlobals) = postSolution
		SolutionGuid = {C259524D-62D3-4204-A43C-938DDA7C3568}
	EndGlobalSection
EndGlobal
